
Microsoft Visual Studio Solution File, Format Version 12.00
# Visual Studio Version 17
VisualStudioVersion = 17.10.35122.118
MinimumVisualStudioVersion = 10.0.40219.1
Project("{FAE04EC0-301F-11D3-BF4B-00C04F79EFBC}") = "app de tareas", "app de tareas.csproj", "{7107FFE8-8D45-435E-BB27-DDF343B7BC6D}"
EndProject
Global
	GlobalSection(SolutionConfigurationPlatforms) = preSolution
		Debug|Any CPU = Debug|Any CPU
		Release|Any CPU = Release|Any CPU
	EndGlobalSection
	GlobalSection(ProjectConfigurationPlatforms) = postSolution
		{7107FFE8-8D45-435E-BB27-DDF343B7BC6D}.Debug|Any CPU.ActiveCfg = Debug|Any CPU
		{7107FFE8-8D45-435E-BB27-DDF343B7BC6D}.Debug|Any CPU.Build.0 = Debug|Any CPU
		{7107FFE8-8D45-435E-BB27-DDF343B7BC6D}.Release|Any CPU.ActiveCfg = Release|Any CPU
		{7107FFE8-8D45-435E-BB27-DDF343B7BC6D}.Release|Any CPU.Build.0 = Release|Any CPU
	EndGlobalSection
	GlobalSection(SolutionProperties) = preSolution
		HideSolutionNode = FALSE
	EndGlobalSection
	GlobalSection(ExtensibilityGlobals) = postSolution
		SolutionGuid = {C170EBCF-7EDC-4E9C-A858-86C27547C780}
	EndGlobalSection
EndGlobal
